
Microsoft Visual Studio Solution File, Format Version 12.00
# Visual Studio Version 17
VisualStudioVersion = 17.3.32929.385
MinimumVisualStudioVersion = 10.0.40219.1
Project("{9A19103F-16F7-4668-BE54-9A1E7A4F7556}") = "Sivoplyasov.CustomSerialization", "Sivoplyasov.CustomSerialization\Sivoplyasov.CustomSerialization.csproj", "{1D79084D-6D05-4951-A298-32578CD968D9}"
EndProject
Project("{9A19103F-16F7-4668-BE54-9A1E7A4F7556}") = "Sivoplyasov.CustomSerialization.Tests", "Sivoplyasov.CustomSerialization.Tests\Sivoplyasov.CustomSerialization.Tests.csproj", "{559D9D4F-4EE8-4955-A064-5D62F72FAE0A}"
EndProject
Global
	GlobalSection(SolutionConfigurationPlatforms) = preSolution
		Debug|Any CPU = Debug|Any CPU
		Release|Any CPU = Release|Any CPU
	EndGlobalSection
	GlobalSection(ProjectConfigurationPlatforms) = postSolution
		{1D79084D-6D05-4951-A298-32578CD968D9}.Debug|Any CPU.ActiveCfg = Debug|Any CPU
		{1D79084D-6D05-4951-A298-32578CD968D9}.Debug|Any CPU.Build.0 = Debug|Any CPU
		{1D79084D-6D05-4951-A298-32578CD968D9}.Release|Any CPU.ActiveCfg = Release|Any CPU
		{1D79084D-6D05-4951-A298-32578CD968D9}.Release|Any CPU.Build.0 = Release|Any CPU
		{559D9D4F-4EE8-4955-A064-5D62F72FAE0A}.Debug|Any CPU.ActiveCfg = Debug|Any CPU
		{559D9D4F-4EE8-4955-A064-5D62F72FAE0A}.Debug|Any CPU.Build.0 = Debug|Any CPU
		{559D9D4F-4EE8-4955-A064-5D62F72FAE0A}.Release|Any CPU.ActiveCfg = Release|Any CPU
		{559D9D4F-4EE8-4955-A064-5D62F72FAE0A}.Release|Any CPU.Build.0 = Release|Any CPU
	EndGlobalSection
	GlobalSection(SolutionProperties) = preSolution
		HideSolutionNode = FALSE
	EndGlobalSection
	GlobalSection(ExtensibilityGlobals) = postSolution
		SolutionGuid = {349A5207-043D-4912-BF69-8D18B115D112}
	EndGlobalSection
EndGlobal
